{
  "requires": true,
  "lockfileVersion": 1,
  "dependencies": {
    "is-video": {
      "version": "1.0.1",
      "resolved": "https://registry.npmjs.org/is-video/-/is-video-1.0.1.tgz",
      "integrity": "sha1-e8Z3YLAQPUArwfELtULxajaHdzs=",
      "requires": {
        "video-extensions": "^1.0.0"
      }
    },
    "three": {
      "version": "0.91.0",
      "resolved": "http://registry.npmjs.org/three/-/three-0.91.0.tgz",
      "integrity": "sha512-dzikzdcddNROFZi3vkbV8YonBmqnonbJv2FxlQBEE2wKzZutddnjiS8qBZG2+EB40l505Xw8OMClQm+GmbwI/g=="
    },
    "three-mtl-loader": {
      "version": "1.0.2",
      "resolved": "https://registry.npmjs.org/three-mtl-loader/-/three-mtl-loader-1.0.2.tgz",
      "integrity": "sha512-GqDrWC5rbi+0/gp999S4lpCSHroBEfe9NqmH165orG0QhXeknL/eSNVMJUWBNgg2sBW7vlqVNWD/P0kdHeGC9g==",
      "requires": {
        "three": "^0.87.1"
      },
      "dependencies": {
        "three": {
          "version": "0.87.1",
          "resolved": "https://registry.npmjs.org/three/-/three-0.87.1.tgz",
          "integrity": "sha1-Rmo07cRUNFnO2bnX0na2Uhb+K6g="
        }
      }
    },
    "three-obj-loader": {
      "version": "1.1.3",
      "resolved": "https://registry.npmjs.org/three-obj-loader/-/three-obj-loader-1.1.3.tgz",
      "integrity": "sha512-usuOOTAqeM7J7dyae/I9ltFnfy1g47Hsr3byTvBTeH9LYz5vb2i8rLd2Hi1HEr0MbB5H4p9YrqFaDGcijXEVNw=="
    },
    "vedajs": {
      "version": "0.9.0",
      "resolved": "https://registry.npmjs.org/vedajs/-/vedajs-0.9.0.tgz",
      "integrity": "sha1-oAj3Jkx80OOIPdKtQOCsOuUw3hw=",
      "requires": {
        "is-video": "^1.0.1",
        "three": "^0.91.0",
        "three-mtl-loader": "^1.0.2",
        "three-obj-loader": "^1.1.3"
      }
    },
    "video-extensions": {
      "version": "1.1.0",
      "resolved": "https://registry.npmjs.org/video-extensions/-/video-extensions-1.1.0.tgz",
      "integrity": "sha1-6qhrRfKahTwrhz6djiO1E3Epl9Y="
    }
  }
}
